// !$*UTF8*$!
{
	archiveVersion = 1;
	classes = {
	};
	objectVersion = 50;
	objects = {

/* Begin PBXBuildFile section */
		8C0A4AB1242FCC7300F238D4 /* AppDelegate.swift in Sources */ = {isa = PBXBuildFile; fileRef = 8C0A4AB0242FCC7300F238D4 /* AppDelegate.swift */; };
		8C0A4AB3242FCC7300F238D4 /* SceneDelegate.swift in Sources */ = {isa = PBXBuildFile; fileRef = 8C0A4AB2242FCC7300F238D4 /* SceneDelegate.swift */; };
		8C0A4AB5242FCC7300F238D4 /* ViewController.swift in Sources */ = {isa = PBXBuildFile; fileRef = 8C0A4AB4242FCC7300F238D4 /* ViewController.swift */; };
		8C0A4AB8242FCC7300F238D4 /* Main.storyboard in Resources */ = {isa = PBXBuildFile; fileRef = 8C0A4AB6242FCC7300F238D4 /* Main.storyboard */; };
		8C0A4ABA242FCC7900F238D4 /* Assets.xcassets in Resources */ = {isa = PBXBuildFile; fileRef = 8C0A4AB9242FCC7900F238D4 /* Assets.xcassets */; };
		8C0A4ABD242FCC7900F238D4 /* LaunchScreen.storyboard in Resources */ = {isa = PBXBuildFile; fileRef = 8C0A4ABB242FCC7900F238D4 /* LaunchScreen.storyboard */; };
		8C99F4C82436988600F73E0A /* CaptureViewController.swift in Sources */ = {isa = PBXBuildFile; fileRef = 8C99F4C72436988600F73E0A /* CaptureViewController.swift */; };
		8C99F4CA243698A000F73E0A /* EncodeViewController.swift in Sources */ = {isa = PBXBuildFile; fileRef = 8C99F4C9243698A000F73E0A /* EncodeViewController.swift */; };
		8C99F4CC243698AA00F73E0A /* DecodeViewController.swift in Sources */ = {isa = PBXBuildFile; fileRef = 8C99F4CB243698AA00F73E0A /* DecodeViewController.swift */; };
/* End PBXBuildFile section */

/* Begin PBXFileReference section */
		8C0A4AAD242FCC7300F238D4 /* hex-16.app */ = {isa = PBXFileReference; explicitFileType = wrapper.application; includeInIndex = 0; path = "hex-16.app"; sourceTree = BUILT_PRODUCTS_DIR; };
		8C0A4AB0242FCC7300F238D4 /* AppDelegate.swift */ = {isa = PBXFileReference; lastKnownFileType = sourcecode.swift; path = AppDelegate.swift; sourceTree = "<group>"; };
		8C0A4AB2242FCC7300F238D4 /* SceneDelegate.swift */ = {isa = PBXFileReference; lastKnownFileType = sourcecode.swift; path = SceneDelegate.swift; sourceTree = "<group>"; };
		8C0A4AB4242FCC7300F238D4 /* ViewController.swift */ = {isa = PBXFileReference; lastKnownFileType = sourcecode.swift; path = ViewController.swift; sourceTree = "<group>"; };
		8C0A4AB7242FCC7300F238D4 /* Base */ = {isa = PBXFileReference; lastKnownFileType = file.storyboard; name = Base; path = Base.lproj/Main.storyboard; sourceTree = "<group>"; };
		8C0A4AB9242FCC7900F238D4 /* Assets.xcassets */ = {isa = PBXFileReference; lastKnownFileType = folder.assetcatalog; path = Assets.xcassets; sourceTree = "<group>"; };
		8C0A4ABC242FCC7900F238D4 /* Base */ = {isa = PBXFileReference; lastKnownFileType = file.storyboard; name = Base; path = Base.lproj/LaunchScreen.storyboard; sourceTree = "<group>"; };
		8C0A4ABE242FCC7900F238D4 /* Info.plist */ = {isa = PBXFileReference; lastKnownFileType = text.plist.xml; path = Info.plist; sourceTree = "<group>"; };
		8C99F4C72436988600F73E0A /* CaptureViewController.swift */ = {isa = PBXFileReference; lastKnownFileType = sourcecode.swift; path = CaptureViewController.swift; sourceTree = "<group>"; };
		8C99F4C9243698A000F73E0A /* EncodeViewController.swift */ = {isa = PBXFileReference; lastKnownFileType = sourcecode.swift; path = EncodeViewController.swift; sourceTree = "<group>"; };
		8C99F4CB243698AA00F73E0A /* DecodeViewController.swift */ = {isa = PBXFileReference; lastKnownFileType = sourcecode.swift; path = DecodeViewController.swift; sourceTree = "<group>"; };
/* End PBXFileReference section */

/* Begin PBXFrameworksBuildPhase section */
		8C0A4AAA242FCC7300F238D4 /* Frameworks */ = {
			isa = PBXFrameworksBuildPhase;
			buildActionMask = 2147483647;
			files = (
			);
			runOnlyForDeploymentPostprocessing = 0;
		};
/* End PBXFrameworksBuildPhase section */

/* Begin PBXGroup section */
		8C0A4AA4242FCC7200F238D4 = {
			isa = PBXGroup;
			children = (
				8C0A4AAF242FCC7300F238D4 /* hex-16 */,
				8C0A4AAE242FCC7300F238D4 /* Products */,
			);
			sourceTree = "<group>";
		};
		8C0A4AAE242FCC7300F238D4 /* Products */ = {
			isa = PBXGroup;
			children = (
				8C0A4AAD242FCC7300F238D4 /* hex-16.app */,
			);
			name = Products;
			sourceTree = "<group>";
		};
		8C0A4AAF242FCC7300F238D4 /* hex-16 */ = {
			isa = PBXGroup;
			children = (
				8C0A4AB0242FCC7300F238D4 /* AppDelegate.swift */,
				8C0A4AB2242FCC7300F238D4 /* SceneDelegate.swift */,
				8C0A4AB4242FCC7300F238D4 /* ViewController.swift */,
				8C0A4AB6242FCC7300F238D4 /* Main.storyboard */,
				8C0A4AB9242FCC7900F238D4 /* Assets.xcassets */,
				8C0A4ABB242FCC7900F238D4 /* LaunchScreen.storyboard */,
				8C0A4ABE242FCC7900F238D4 /* Info.plist */,
				8C99F4C72436988600F73E0A /* CaptureViewController.swift */,
				8C99F4C9243698A000F73E0A /* EncodeViewController.swift */,
				8C99F4CB243698AA00F73E0A /* DecodeViewController.swift */,
			);
			path = "hex-16";
			sourceTree = "<group>";
		};
/* End PBXGroup section */

/* Begin PBXNativeTarget section */
		8C0A4AAC242FCC7300F238D4 /* hex-16 */ = {
			isa = PBXNativeTarget;
			buildConfigurationList = 8C0A4AC1242FCC7900F238D4 /* Build configuration list for PBXNativeTarget "hex-16" */;
			buildPhases = (
				8C0A4AA9242FCC7300F238D4 /* Sources */,
				8C0A4AAA242FCC7300F238D4 /* Frameworks */,
				8C0A4AAB242FCC7300F238D4 /* Resources */,
			);
			buildRules = (
			);
			dependencies = (
			);
			name = "hex-16";
			productName = "hex-16";
			productReference = 8C0A4AAD242FCC7300F238D4 /* hex-16.app */;
			productType = "com.apple.product-type.application";
		};
/* End PBXNativeTarget section */

/* Begin PBXProject section */
		8C0A4AA5242FCC7200F238D4 /* Project object */ = {
			isa = PBXProject;
			attributes = {
				LastSwiftUpdateCheck = 1130;
				LastUpgradeCheck = 1130;
				ORGANIZATIONNAME = carleotn;
				TargetAttributes = {
					8C0A4AAC242FCC7300F238D4 = {
						CreatedOnToolsVersion = 11.3.1;
					};
				};
			};
			buildConfigurationList = 8C0A4AA8242FCC7200F238D4 /* Build configuration list for PBXProject "hex-16" */;
			compatibilityVersion = "Xcode 9.3";
			developmentRegion = en;
			hasScannedForEncodings = 0;
			knownRegions = (
				en,
				Base,
			);
			mainGroup = 8C0A4AA4242FCC7200F238D4;
			productRefGroup = 8C0A4AAE242FCC7300F238D4 /* Products */;
			projectDirPath = "";
			projectRoot = "";
			targets = (
				8C0A4AAC242FCC7300F238D4 /* hex-16 */,
			);
		};
/* End PBXProject section */

/* Begin PBXResourcesBuildPhase section */
		8C0A4AAB242FCC7300F238D4 /* Resources */ = {
			isa = PBXResourcesBuildPhase;
			buildActionMask = 2147483647;
			files = (
				8C0A4ABD242FCC7900F238D4 /* LaunchScreen.storyboard in Resources */,
				8C0A4ABA242FCC7900F238D4 /* Assets.xcassets in Resources */,
				8C0A4AB8242FCC7300F238D4 /* Main.storyboard in Resources */,
			);
			runOnlyForDeploymentPostprocessing = 0;
		};
/* End PBXResourcesBuildPhase section */

/* Begin PBXSourcesBuildPhase section */
		8C0A4AA9242FCC7300F238D4 /* Sources */ = {
			isa = PBXSourcesBuildPhase;
			buildActionMask = 2147483647;
			files = (
				8C0A4AB5242FCC7300F238D4 /* ViewController.swift in Sources */,
				8C99F4C82436988600F73E0A /* CaptureViewController.swift in Sources */,
				8C0A4AB1242FCC7300F238D4 /* AppDelegate.swift in Sources */,
				8C99F4CA243698A000F73E0A /* EncodeViewController.swift in Sources */,
				8C99F4CC243698AA00F73E0A /* DecodeViewController.swift in Sources */,
				8C0A4AB3242FCC7300F238D4 /* SceneDelegate.swift in Sources */,
			);
			runOnlyForDeploymentPostprocessing = 0;
		};
/* End PBXSourcesBuildPhase section */

/* Begin PBXVariantGroup section */
		8C0A4AB6242FCC7300F238D4 /* Main.storyboard */ = {
			isa = PBXVariantGroup;
			children = (
				8C0A4AB7242FCC7300F238D4 /* Base */,
			);
			name = Main.storyboard;
			sourceTree = "<group>";
		};
		8C0A4ABB242FCC7900F238D4 /* LaunchScreen.storyboard */ = {
			isa = PBXVariantGroup;
			children = (
				8C0A4ABC242FCC7900F238D4 /* Base */,
			);
			name = LaunchScreen.storyboard;
			sourceTree = "<group>";
		};
/* End PBXVariantGroup section */

/* Begin XCBuildConfiguration section */
		8C0A4ABF242FCC7900F238D4 /* Debug */ = {
			isa = XCBuildConfiguration;
			buildSettings = {
				ALWAYS_SEARCH_USER_PATHS = NO;
				CLANG_ANALYZER_NONNULL = YES;
				CLANG_ANALYZER_NUMBER_OBJECT_CONVERSION = YES_AGGRESSIVE;
				CLANG_CXX_LANGUAGE_STANDARD = "gnu++14";
				CLANG_CXX_LIBRARY = "libc++";
				CLANG_ENABLE_MODULES = YES;
				CLANG_ENABLE_OBJC_ARC = YES;
				CLANG_ENABLE_OBJC_WEAK = YES;
				CLANG_WARN_BLOCK_CAPTURE_AUTORELEASING = YES;
				CLANG_WARN_BOOL_CONVERSION = YES;
				CLANG_WARN_COMMA = YES;
				CLANG_WARN_CONSTANT_CONVERSION = YES;
				CLANG_WARN_DEPRECATED_OBJC_IMPLEMENTATIONS = YES;
				CLANG_WARN_DIRECT_OBJC_ISA_USAGE = YES_ERROR;
				CLANG_WARN_DOCUMENTATION_COMMENTS = YES;
				CLANG_WARN_EMPTY_BODY = YES;
				CLANG_WARN_ENUM_CONVERSION = YES;
				CLANG_WARN_INFINITE_RECURSION = YES;
				CLANG_WARN_INT_CONVERSION = YES;
				CLANG_WARN_NON_LITERAL_NULL_CONVERSION = YES;
				CLANG_WARN_OBJC_IMPLICIT_RETAIN_SELF = YES;
				CLANG_WARN_OBJC_LITERAL_CONVERSION = YES;
				CLANG_WARN_OBJC_ROOT_CLASS = YES_ERROR;
				CLANG_WARN_RANGE_LOOP_ANALYSIS = YES;
				CLANG_WARN_STRICT_PROTOTYPES = YES;
				CLANG_WARN_SUSPICIOUS_MOVE = YES;
				CLANG_WARN_UNGUARDED_AVAILABILITY = YES_AGGRESSIVE;
				CLANG_WARN_UNREACHABLE_CODE = YES;
				CLANG_WARN__DUPLICATE_METHOD_MATCH = YES;
				COPY_PHASE_STRIP = NO;
				DEBUG_INFORMATION_FORMAT = dwarf;
				ENABLE_STRICT_OBJC_MSGSEND = YES;
				ENABLE_TESTABILITY = YES;
				GCC_C_LANGUAGE_STANDARD = gnu11;
				GCC_DYNAMIC_NO_PIC = NO;
				GCC_NO_COMMON_BLOCKS = YES;
				GCC_OPTIMIZATION_LEVEL = 0;
				GCC_PREPROCESSOR_DEFINITIONS = (
					"DEBUG=1",
					"$(inherited)",
				);
				GCC_WARN_64_TO_32_BIT_CONVERSION = YES;
				GCC_WARN_ABOUT_RETURN_TYPE = YES_ERROR;
				GCC_WARN_UNDECLARED_SELECTOR = YES;
				GCC_WARN_UNINITIALIZED_AUTOS = YES_AGGRESSIVE;
				GCC_WARN_UNUSED_FUNCTION = YES;
				GCC_WARN_UNUSED_VARIABLE = YES;
				IPHONEOS_DEPLOYMENT_TARGET = 13.2;
				MTL_ENABLE_DEBUG_INFO = INCLUDE_SOURCE;
				MTL_FAST_MATH = YES;
				ONLY_ACTIVE_ARCH = YES;
				SDKROOT = iphoneos;
				SWIFT_ACTIVE_COMPILATION_CONDITIONS = DEBUG;
				SWIFT_OPTIMIZATION_LEVEL = "-Onone";
			};
			name = Debug;
		};
		8C0A4AC0242FCC7900F238D4 /* Release */ = {
			isa = XCBuildConfiguration;
			buildSettings = {
				ALWAYS_SEARCH_USER_PATHS = NO;
				CLANG_ANALYZER_NONNULL = YES;
				CLANG_ANALYZER_NUMBER_OBJECT_CONVERSION = YES_AGGRESSIVE;
				CLANG_CXX_LANGUAGE_STANDARD = "gnu++14";
				CLANG_CXX_LIBRARY = "libc++";
				CLANG_ENABLE_MODULES = YES;
				CLANG_ENABLE_OBJC_ARC = YES;
				CLANG_ENABLE_OBJC_WEAK = YES;
				CLANG_WARN_BLOCK_CAPTURE_AUTORELEASING = YES;
				CLANG_WARN_BOOL_CONVERSION = YES;
				CLANG_WARN_COMMA = YES;
				CLANG_WARN_CONSTANT_CONVERSION = YES;
				CLANG_WARN_DEPRECATED_OBJC_IMPLEMENTATIONS = YES;
				CLANG_WARN_DIRECT_OBJC_ISA_USAGE = YES_ERROR;
				CLANG_WARN_DOCUMENTATION_COMMENTS = YES;
				CLANG_WARN_EMPTY_BODY = YES;
				CLANG_WARN_ENUM_CONVERSION = YES;
				CLANG_WARN_INFINITE_RECURSION = YES;
				CLANG_WARN_INT_CONVERSION = YES;
				CLANG_WARN_NON_LITERAL_NULL_CONVERSION = YES;
				CLANG_WARN_OBJC_IMPLICIT_RETAIN_SELF = YES;
				CLANG_WARN_OBJC_LITERAL_CONVERSION = YES;
				CLANG_WARN_OBJC_ROOT_CLASS = YES_ERROR;
				CLANG_WARN_RANGE_LOOP_ANALYSIS = YES;
				CLANG_WARN_STRICT_PROTOTYPES = YES;
				CLANG_WARN_SUSPICIOUS_MOVE = YES;
				CLANG_WARN_UNGUARDED_AVAILABILITY = YES_AGGRESSIVE;
				CLANG_WARN_UNREACHABLE_CODE = YES;
				CLANG_WARN__DUPLICATE_METHOD_MATCH = YES;
				COPY_PHASE_STRIP = NO;
				DEBUG_INFORMATION_FORMAT = "dwarf-with-dsym";
				ENABLE_NS_ASSERTIONS = NO;
				ENABLE_STRICT_OBJC_MSGSEND = YES;
				GCC_C_LANGUAGE_STANDARD = gnu11;
				GCC_NO_COMMON_BLOCKS = YES;
				GCC_WARN_64_TO_32_BIT_CONVERSION = YES;
				GCC_WARN_ABOUT_RETURN_TYPE = YES_ERROR;
				GCC_WARN_UNDECLARED_SELECTOR = YES;
				GCC_WARN_UNINITIALIZED_AUTOS = YES_AGGRESSIVE;
				GCC_WARN_UNUSED_FUNCTION = YES;
				GCC_WARN_UNUSED_VARIABLE = YES;
				IPHONEOS_DEPLOYMENT_TARGET = 13.2;
				MTL_ENABLE_DEBUG_INFO = NO;
				MTL_FAST_MATH = YES;
				SDKROOT = iphoneos;
				SWIFT_COMPILATION_MODE = wholemodule;
				SWIFT_OPTIMIZATION_LEVEL = "-O";
				VALIDATE_PRODUCT = YES;
			};
			name = Release;
		};
		8C0A4AC2242FCC7900F238D4 /* Debug */ = {
			isa = XCBuildConfiguration;
			buildSettings = {
				ASSETCATALOG_COMPILER_APPICON_NAME = AppIcon;
				CODE_SIGN_IDENTITY = "Apple Development";
				CODE_SIGN_STYLE = Automatic;
				DEVELOPMENT_TEAM = SRTNSK35L4;
				INFOPLIST_FILE = "hex-16/Info.plist";
				LD_RUNPATH_SEARCH_PATHS = (
					"$(inherited)",
					"@executable_path/Frameworks",
				);
				PRODUCT_BUNDLE_IDENTIFIER = "com.carleton.4102.hex-16";
				PRODUCT_NAME = "$(TARGET_NAME)";
				PROVISIONING_PROFILE_SPECIFIER = "";
				SWIFT_VERSION = 5.0;
				TARGETED_DEVICE_FAMILY = "1,2";
			};
			name = Debug;
		};
		8C0A4AC3242FCC7900F238D4 /* Release */ = {
			isa = XCBuildConfiguration;
			buildSettings = {
				ASSETCATALOG_COMPILER_APPICON_NAME = AppIcon;
				CODE_SIGN_IDENTITY = "Apple Development";
				CODE_SIGN_STYLE = Automatic;
				DEVELOPMENT_TEAM = SRTNSK35L4;
				INFOPLIST_FILE = "hex-16/Info.plist";
				LD_RUNPATH_SEARCH_PATHS = (
					"$(inherited)",
					"@executable_path/Frameworks",
				);
				PRODUCT_BUNDLE_IDENTIFIER = "com.carleton.4102.hex-16";
				PRODUCT_NAME = "$(TARGET_NAME)";
				PROVISIONING_PROFILE_SPECIFIER = "";
				SWIFT_VERSION = 5.0;
				TARGETED_DEVICE_FAMILY = "1,2";
			};
			name = Release;
		};
/* End XCBuildConfiguration section */

/* Begin XCConfigurationList section */
		8C0A4AA8242FCC7200F238D4 /* Build configuration list for PBXProject "hex-16" */ = {
			isa = XCConfigurationList;
			buildConfigurations = (
				8C0A4ABF242FCC7900F238D4 /* Debug */,
				8C0A4AC0242FCC7900F238D4 /* Release */,
			);
			defaultConfigurationIsVisible = 0;
			defaultConfigurationName = Release;
		};
		8C0A4AC1242FCC7900F238D4 /* Build configuration list for PBXNativeTarget "hex-16" */ = {
			isa = XCConfigurationList;
			buildConfigurations = (
				8C0A4AC2242FCC7900F238D4 /* Debug */,
				8C0A4AC3242FCC7900F238D4 /* Release */,
			);
			defaultConfigurationIsVisible = 0;
			defaultConfigurationName = Release;
		};
/* End XCConfigurationList section */
	};
	rootObject = 8C0A4AA5242FCC7200F238D4 /* Project object */;
}
